
Microsoft Visual Studio Solution File, Format Version 12.00
# Visual Studio Version 16
VisualStudioVersion = 16.0.31424.327
MinimumVisualStudioVersion = 10.0.40219.1
Project("{8BC9CEB8-8B4A-11D0-8D11-00A0C91BC942}") = "RSA2048", "RSA2048.vcxproj", "{7A0AB1BE-9E49-4605-8FC5-9A5ECC4B0F18}"
EndProject
Global
	GlobalSection(SolutionConfigurationPlatforms) = preSolution
		Debug|x64 = Debug|x64
		Debug|x86 = Debug|x86
		Release|x64 = Release|x64
		Release|x86 = Release|x86
	EndGlobalSection
	GlobalSection(ProjectConfigurationPlatforms) = postSolution
		{7A0AB1BE-9E49-4605-8FC5-9A5ECC4B0F18}.Debug|x64.ActiveCfg = Debug|x64
		{7A0AB1BE-9E49-4605-8FC5-9A5ECC4B0F18}.Debug|x64.Build.0 = Debug|x64
		{7A0AB1BE-9E49-4605-8FC5-9A5ECC4B0F18}.Debug|x86.ActiveCfg = Debug|Win32
		{7A0AB1BE-9E49-4605-8FC5-9A5ECC4B0F18}.Debug|x86.Build.0 = Debug|Win32
		{7A0AB1BE-9E49-4605-8FC5-9A5ECC4B0F18}.Release|x64.ActiveCfg = Release|x64
		{7A0AB1BE-9E49-4605-8FC5-9A5ECC4B0F18}.Release|x64.Build.0 = Release|x64
		{7A0AB1BE-9E49-4605-8FC5-9A5ECC4B0F18}.Release|x86.ActiveCfg = Release|Win32
		{7A0AB1BE-9E49-4605-8FC5-9A5ECC4B0F18}.Release|x86.Build.0 = Release|Win32
	EndGlobalSection
	GlobalSection(SolutionProperties) = preSolution
		HideSolutionNode = FALSE
	EndGlobalSection
	GlobalSection(ExtensibilityGlobals) = postSolution
		SolutionGuid = {D3C40BCA-AB26-4B87-A748-AA5E8F422734}
	EndGlobalSection
EndGlobal
